// !$*UTF8*$!
{
	archiveVersion = 1;
	classes = {
	};
	objectVersion = 50;
	objects = {

/* Begin PBXBuildFile section */
		EB08F52F21B5BA6800C91C49 /* FunctionalityViewController.swift in Sources */ = {isa = PBXBuildFile; fileRef = EB08F52E21B5BA6800C91C49 /* FunctionalityViewController.swift */; };
		EB1D21192183A0990016A0CB /* ConverterStruct.swift in Sources */ = {isa = PBXBuildFile; fileRef = EB1D21182183A0980016A0CB /* ConverterStruct.swift */; };
		EB43A75A217E4D4700B9B5A0 /* AppDelegate.swift in Sources */ = {isa = PBXBuildFile; fileRef = EB43A759217E4D4700B9B5A0 /* AppDelegate.swift */; };
		EB43A75F217E4D4700B9B5A0 /* Main.storyboard in Resources */ = {isa = PBXBuildFile; fileRef = EB43A75D217E4D4700B9B5A0 /* Main.storyboard */; };
		EB43A761217E4D4800B9B5A0 /* Assets.xcassets in Resources */ = {isa = PBXBuildFile; fileRef = EB43A760217E4D4800B9B5A0 /* Assets.xcassets */; };
		EB43A764217E4D4800B9B5A0 /* LaunchScreen.storyboard in Resources */ = {isa = PBXBuildFile; fileRef = EB43A762217E4D4800B9B5A0 /* LaunchScreen.storyboard */; };
		EB43A76C217E4D8400B9B5A0 /* ConverterViewController.swift in Sources */ = {isa = PBXBuildFile; fileRef = EB43A76B217E4D8400B9B5A0 /* ConverterViewController.swift */; };
/* End PBXBuildFile section */

/* Begin PBXFileReference section */
		EB08F52E21B5BA6800C91C49 /* FunctionalityViewController.swift */ = {isa = PBXFileReference; lastKnownFileType = sourcecode.swift; path = FunctionalityViewController.swift; sourceTree = "<group>"; };
		EB1D21182183A0980016A0CB /* ConverterStruct.swift */ = {isa = PBXFileReference; lastKnownFileType = sourcecode.swift; path = ConverterStruct.swift; sourceTree = "<group>"; };
		EB43A756217E4D4700B9B5A0 /* Conversion Calculator.app */ = {isa = PBXFileReference; explicitFileType = wrapper.application; includeInIndex = 0; path = "Conversion Calculator.app"; sourceTree = BUILT_PRODUCTS_DIR; };
		EB43A759217E4D4700B9B5A0 /* AppDelegate.swift */ = {isa = PBXFileReference; lastKnownFileType = sourcecode.swift; path = AppDelegate.swift; sourceTree = "<group>"; };
		EB43A75E217E4D4700B9B5A0 /* Base */ = {isa = PBXFileReference; lastKnownFileType = file.storyboard; name = Base; path = Base.lproj/Main.storyboard; sourceTree = "<group>"; };
		EB43A760217E4D4800B9B5A0 /* Assets.xcassets */ = {isa = PBXFileReference; lastKnownFileType = folder.assetcatalog; path = Assets.xcassets; sourceTree = "<group>"; };
		EB43A763217E4D4800B9B5A0 /* Base */ = {isa = PBXFileReference; lastKnownFileType = file.storyboard; name = Base; path = Base.lproj/LaunchScreen.storyboard; sourceTree = "<group>"; };
		EB43A765217E4D4800B9B5A0 /* Info.plist */ = {isa = PBXFileReference; lastKnownFileType = text.plist.xml; path = Info.plist; sourceTree = "<group>"; };
		EB43A76B217E4D8400B9B5A0 /* ConverterViewController.swift */ = {isa = PBXFileReference; lastKnownFileType = sourcecode.swift; path = ConverterViewController.swift; sourceTree = "<group>"; };
/* End PBXFileReference section */

/* Begin PBXFrameworksBuildPhase section */
		EB43A753217E4D4700B9B5A0 /* Frameworks */ = {
			isa = PBXFrameworksBuildPhase;
			buildActionMask = 2147483647;
			files = (
			);
			runOnlyForDeploymentPostprocessing = 0;
		};
/* End PBXFrameworksBuildPhase section */

/* Begin PBXGroup section */
		EB08F52D21B5AF9100C91C49 /* Model */ = {
			isa = PBXGroup;
			children = (
				EB08F52E21B5BA6800C91C49 /* FunctionalityViewController.swift */,
			);
			path = Model;
			sourceTree = "<group>";
		};
		EB43A74D217E4D4700B9B5A0 = {
			isa = PBXGroup;
			children = (
				EB43A758217E4D4700B9B5A0 /* Conversion Calculator */,
				EB43A757217E4D4700B9B5A0 /* Products */,
			);
			sourceTree = "<group>";
		};
		EB43A757217E4D4700B9B5A0 /* Products */ = {
			isa = PBXGroup;
			children = (
				EB43A756217E4D4700B9B5A0 /* Conversion Calculator.app */,
			);
			name = Products;
			sourceTree = "<group>";
		};
		EB43A758217E4D4700B9B5A0 /* Conversion Calculator */ = {
			isa = PBXGroup;
			children = (
				EB43A759217E4D4700B9B5A0 /* AppDelegate.swift */,
				EB43A75D217E4D4700B9B5A0 /* Main.storyboard */,
				EB43A760217E4D4800B9B5A0 /* Assets.xcassets */,
				EB43A762217E4D4800B9B5A0 /* LaunchScreen.storyboard */,
				EB08F52D21B5AF9100C91C49 /* Model */,
				EB43A765217E4D4800B9B5A0 /* Info.plist */,
				EB43A76B217E4D8400B9B5A0 /* ConverterViewController.swift */,
				EB1D21182183A0980016A0CB /* ConverterStruct.swift */,
			);
			path = "Conversion Calculator";
			sourceTree = "<group>";
		};
/* End PBXGroup section */

/* Begin PBXNativeTarget section */
		EB43A755217E4D4700B9B5A0 /* Conversion Calculator */ = {
			isa = PBXNativeTarget;
			buildConfigurationList = EB43A768217E4D4800B9B5A0 /* Build configuration list for PBXNativeTarget "Conversion Calculator" */;
			buildPhases = (
				EB43A752217E4D4700B9B5A0 /* Sources */,
				EB43A753217E4D4700B9B5A0 /* Frameworks */,
				EB43A754217E4D4700B9B5A0 /* Resources */,
			);
			buildRules = (
			);
			dependencies = (
			);
			name = "Conversion Calculator";
			productName = "Conversion Calculator";
			productReference = EB43A756217E4D4700B9B5A0 /* Conversion Calculator.app */;
			productType = "com.apple.product-type.application";
		};
/* End PBXNativeTarget section */

/* Begin PBXProject section */
		EB43A74E217E4D4700B9B5A0 /* Project object */ = {
			isa = PBXProject;
			attributes = {
				LastSwiftUpdateCheck = 1000;
				LastUpgradeCheck = 1000;
				ORGANIZATIONNAME = "Weston Verhulst";
				TargetAttributes = {
					EB43A755217E4D4700B9B5A0 = {
						CreatedOnToolsVersion = 10.0;
					};
				};
			};
			buildConfigurationList = EB43A751217E4D4700B9B5A0 /* Build configuration list for PBXProject "Conversion Calculator" */;
			compatibilityVersion = "Xcode 9.3";
			developmentRegion = en;
			hasScannedForEncodings = 0;
			knownRegions = (
				en,
				Base,
			);
			mainGroup = EB43A74D217E4D4700B9B5A0;
			productRefGroup = EB43A757217E4D4700B9B5A0 /* Products */;
			projectDirPath = "";
			projectRoot = "";
			targets = (
				EB43A755217E4D4700B9B5A0 /* Conversion Calculator */,
			);
		};
/* End PBXProject section */

/* Begin PBXResourcesBuildPhase section */
		EB43A754217E4D4700B9B5A0 /* Resources */ = {
			isa = PBXResourcesBuildPhase;
			buildActionMask = 2147483647;
			files = (
				EB43A764217E4D4800B9B5A0 /* LaunchScreen.storyboard in Resources */,
				EB43A761217E4D4800B9B5A0 /* Assets.xcassets in Resources */,
				EB43A75F217E4D4700B9B5A0 /* Main.storyboard in Resources */,
			);
			runOnlyForDeploymentPostprocessing = 0;
		};
/* End PBXResourcesBuildPhase section */

/* Begin PBXSourcesBuildPhase section */
		EB43A752217E4D4700B9B5A0 /* Sources */ = {
			isa = PBXSourcesBuildPhase;
			buildActionMask = 2147483647;
			files = (
				EB08F52F21B5BA6800C91C49 /* FunctionalityViewController.swift in Sources */,
				EB43A75A217E4D4700B9B5A0 /* AppDelegate.swift in Sources */,
				EB43A76C217E4D8400B9B5A0 /* ConverterViewController.swift in Sources */,
				EB1D21192183A0990016A0CB /* ConverterStruct.swift in Sources */,
			);
			runOnlyForDeploymentPostprocessing = 0;
		};
/* End PBXSourcesBuildPhase section */

/* Begin PBXVariantGroup section */
		EB43A75D217E4D4700B9B5A0 /* Main.storyboard */ = {
			isa = PBXVariantGroup;
			children = (
				EB43A75E217E4D4700B9B5A0 /* Base */,
			);
			name = Main.storyboard;
			sourceTree = "<group>";
		};
		EB43A762217E4D4800B9B5A0 /* LaunchScreen.storyboard */ = {
			isa = PBXVariantGroup;
			children = (
				EB43A763217E4D4800B9B5A0 /* Base */,
			);
			name = LaunchScreen.storyboard;
			sourceTree = "<group>";
		};
/* End PBXVariantGroup section */

/* Begin XCBuildConfiguration section */
		EB43A766217E4D4800B9B5A0 /* Debug */ = {
			isa = XCBuildConfiguration;
			buildSettings = {
				ALWAYS_SEARCH_USER_PATHS = NO;
				CLANG_ANALYZER_NONNULL = YES;
				CLANG_ANALYZER_NUMBER_OBJECT_CONVERSION = YES_AGGRESSIVE;
				CLANG_CXX_LANGUAGE_STANDARD = "gnu++14";
				CLANG_CXX_LIBRARY = "libc++";
				CLANG_ENABLE_MODULES = YES;
				CLANG_ENABLE_OBJC_ARC = YES;
				CLANG_ENABLE_OBJC_WEAK = YES;
				CLANG_WARN_BLOCK_CAPTURE_AUTORELEASING = YES;
				CLANG_WARN_BOOL_CONVERSION = YES;
				CLANG_WARN_COMMA = YES;
				CLANG_WARN_CONSTANT_CONVERSION = YES;
				CLANG_WARN_DEPRECATED_OBJC_IMPLEMENTATIONS = YES;
				CLANG_WARN_DIRECT_OBJC_ISA_USAGE = YES_ERROR;
				CLANG_WARN_DOCUMENTATION_COMMENTS = YES;
				CLANG_WARN_EMPTY_BODY = YES;
				CLANG_WARN_ENUM_CONVERSION = YES;
				CLANG_WARN_INFINITE_RECURSION = YES;
				CLANG_WARN_INT_CONVERSION = YES;
				CLANG_WARN_NON_LITERAL_NULL_CONVERSION = YES;
				CLANG_WARN_OBJC_IMPLICIT_RETAIN_SELF = YES;
				CLANG_WARN_OBJC_LITERAL_CONVERSION = YES;
				CLANG_WARN_OBJC_ROOT_CLASS = YES_ERROR;
				CLANG_WARN_RANGE_LOOP_ANALYSIS = YES;
				CLANG_WARN_STRICT_PROTOTYPES = YES;
				CLANG_WARN_SUSPICIOUS_MOVE = YES;
				CLANG_WARN_UNGUARDED_AVAILABILITY = YES_AGGRESSIVE;
				CLANG_WARN_UNREACHABLE_CODE = YES;
				CLANG_WARN__DUPLICATE_METHOD_MATCH = YES;
				CODE_SIGN_IDENTITY = "iPhone Developer";
				COPY_PHASE_STRIP = NO;
				DEBUG_INFORMATION_FORMAT = dwarf;
				ENABLE_STRICT_OBJC_MSGSEND = YES;
				ENABLE_TESTABILITY = YES;
				GCC_C_LANGUAGE_STANDARD = gnu11;
				GCC_DYNAMIC_NO_PIC = NO;
				GCC_NO_COMMON_BLOCKS = YES;
				GCC_OPTIMIZATION_LEVEL = 0;
				GCC_PREPROCESSOR_DEFINITIONS = (
					"DEBUG=1",
					"$(inherited)",
				);
				GCC_WARN_64_TO_32_BIT_CONVERSION = YES;
				GCC_WARN_ABOUT_RETURN_TYPE = YES_ERROR;
				GCC_WARN_UNDECLARED_SELECTOR = YES;
				GCC_WARN_UNINITIALIZED_AUTOS = YES_AGGRESSIVE;
				GCC_WARN_UNUSED_FUNCTION = YES;
				GCC_WARN_UNUSED_VARIABLE = YES;
				IPHONEOS_DEPLOYMENT_TARGET = 12.0;
				MTL_ENABLE_DEBUG_INFO = INCLUDE_SOURCE;
				MTL_FAST_MATH = YES;
				ONLY_ACTIVE_ARCH = YES;
				SDKROOT = iphoneos;
				SWIFT_ACTIVE_COMPILATION_CONDITIONS = DEBUG;
				SWIFT_OPTIMIZATION_LEVEL = "-Onone";
			};
			name = Debug;
		};
		EB43A767217E4D4800B9B5A0 /* Release */ = {
			isa = XCBuildConfiguration;
			buildSettings = {
				ALWAYS_SEARCH_USER_PATHS = NO;
				CLANG_ANALYZER_NONNULL = YES;
				CLANG_ANALYZER_NUMBER_OBJECT_CONVERSION = YES_AGGRESSIVE;
				CLANG_CXX_LANGUAGE_STANDARD = "gnu++14";
				CLANG_CXX_LIBRARY = "libc++";
				CLANG_ENABLE_MODULES = YES;
				CLANG_ENABLE_OBJC_ARC = YES;
				CLANG_ENABLE_OBJC_WEAK = YES;
				CLANG_WARN_BLOCK_CAPTURE_AUTORELEASING = YES;
				CLANG_WARN_BOOL_CONVERSION = YES;
				CLANG_WARN_COMMA = YES;
				CLANG_WARN_CONSTANT_CONVERSION = YES;
				CLANG_WARN_DEPRECATED_OBJC_IMPLEMENTATIONS = YES;
				CLANG_WARN_DIRECT_OBJC_ISA_USAGE = YES_ERROR;
				CLANG_WARN_DOCUMENTATION_COMMENTS = YES;
				CLANG_WARN_EMPTY_BODY = YES;
				CLANG_WARN_ENUM_CONVERSION = YES;
				CLANG_WARN_INFINITE_RECURSION = YES;
				CLANG_WARN_INT_CONVERSION = YES;
				CLANG_WARN_NON_LITERAL_NULL_CONVERSION = YES;
				CLANG_WARN_OBJC_IMPLICIT_RETAIN_SELF = YES;
				CLANG_WARN_OBJC_LITERAL_CONVERSION = YES;
				CLANG_WARN_OBJC_ROOT_CLASS = YES_ERROR;
				CLANG_WARN_RANGE_LOOP_ANALYSIS = YES;
				CLANG_WARN_STRICT_PROTOTYPES = YES;
				CLANG_WARN_SUSPICIOUS_MOVE = YES;
				CLANG_WARN_UNGUARDED_AVAILABILITY = YES_AGGRESSIVE;
				CLANG_WARN_UNREACHABLE_CODE = YES;
				CLANG_WARN__DUPLICATE_METHOD_MATCH = YES;
				CODE_SIGN_IDENTITY = "iPhone Developer";
				COPY_PHASE_STRIP = NO;
				DEBUG_INFORMATION_FORMAT = "dwarf-with-dsym";
				ENABLE_NS_ASSERTIONS = NO;
				ENABLE_STRICT_OBJC_MSGSEND = YES;
				GCC_C_LANGUAGE_STANDARD = gnu11;
				GCC_NO_COMMON_BLOCKS = YES;
				GCC_WARN_64_TO_32_BIT_CONVERSION = YES;
				GCC_WARN_ABOUT_RETURN_TYPE = YES_ERROR;
				GCC_WARN_UNDECLARED_SELECTOR = YES;
				GCC_WARN_UNINITIALIZED_AUTOS = YES_AGGRESSIVE;
				GCC_WARN_UNUSED_FUNCTION = YES;
				GCC_WARN_UNUSED_VARIABLE = YES;
				IPHONEOS_DEPLOYMENT_TARGET = 12.0;
				MTL_ENABLE_DEBUG_INFO = NO;
				MTL_FAST_MATH = YES;
				SDKROOT = iphoneos;
				SWIFT_COMPILATION_MODE = wholemodule;
				SWIFT_OPTIMIZATION_LEVEL = "-O";
				VALIDATE_PRODUCT = YES;
			};
			name = Release;
		};
		EB43A769217E4D4800B9B5A0 /* Debug */ = {
			isa = XCBuildConfiguration;
			buildSettings = {
				ASSETCATALOG_COMPILER_APPICON_NAME = AppIcon;
				CODE_SIGN_STYLE = Automatic;
				DEVELOPMENT_TEAM = 5J265BYG5K;
				INFOPLIST_FILE = "Conversion Calculator/Info.plist";
				LD_RUNPATH_SEARCH_PATHS = (
					"$(inherited)",
					"@executable_path/Frameworks",
				);
				PRODUCT_BUNDLE_IDENTIFIER = "iOSAppDev.Conversion-Calculator";
				PRODUCT_NAME = "$(TARGET_NAME)";
				SWIFT_VERSION = 4.2;
				TARGETED_DEVICE_FAMILY = "1,2";
			};
			name = Debug;
		};
		EB43A76A217E4D4800B9B5A0 /* Release */ = {
			isa = XCBuildConfiguration;
			buildSettings = {
				ASSETCATALOG_COMPILER_APPICON_NAME = AppIcon;
				CODE_SIGN_STYLE = Automatic;
				DEVELOPMENT_TEAM = 5J265BYG5K;
				INFOPLIST_FILE = "Conversion Calculator/Info.plist";
				LD_RUNPATH_SEARCH_PATHS = (
					"$(inherited)",
					"@executable_path/Frameworks",
				);
				PRODUCT_BUNDLE_IDENTIFIER = "iOSAppDev.Conversion-Calculator";
				PRODUCT_NAME = "$(TARGET_NAME)";
				SWIFT_VERSION = 4.2;
				TARGETED_DEVICE_FAMILY = "1,2";
			};
			name = Release;
		};
/* End XCBuildConfiguration section */

/* Begin XCConfigurationList section */
		EB43A751217E4D4700B9B5A0 /* Build configuration list for PBXProject "Conversion Calculator" */ = {
			isa = XCConfigurationList;
			buildConfigurations = (
				EB43A766217E4D4800B9B5A0 /* Debug */,
				EB43A767217E4D4800B9B5A0 /* Release */,
			);
			defaultConfigurationIsVisible = 0;
			defaultConfigurationName = Release;
		};
		EB43A768217E4D4800B9B5A0 /* Build configuration list for PBXNativeTarget "Conversion Calculator" */ = {
			isa = XCConfigurationList;
			buildConfigurations = (
				EB43A769217E4D4800B9B5A0 /* Debug */,
				EB43A76A217E4D4800B9B5A0 /* Release */,
			);
			defaultConfigurationIsVisible = 0;
			defaultConfigurationName = Release;
		};
/* End XCConfigurationList section */
	};
	rootObject = EB43A74E217E4D4700B9B5A0 /* Project object */;
}
